// !$*UTF8*$!
{
	archiveVersion = 1;
	classes = {
	};
	objectVersion = 48;
	objects = {

/* Begin PBXBuildFile section */
		2F03F276216C179500C1B692 /* DetailViewController.swift in Sources */ = {isa = PBXBuildFile; fileRef = 2F03F275216C179500C1B692 /* DetailViewController.swift */; };
		2F1CCB60216E50F8004C4E2F /* PosterCell.swift in Sources */ = {isa = PBXBuildFile; fileRef = 2F1CCB5F216E50F8004C4E2F /* PosterCell.swift */; };
		2F1CCB62216E5173004C4E2F /* SuperheroViewController.swift in Sources */ = {isa = PBXBuildFile; fileRef = 2F1CCB61216E5173004C4E2F /* SuperheroViewController.swift */; };
		2FD5A77C216476CB0036BC4A /* AppDelegate.swift in Sources */ = {isa = PBXBuildFile; fileRef = 2FD5A77B216476CB0036BC4A /* AppDelegate.swift */; };
		2FD5A781216476CB0036BC4A /* Main.storyboard in Resources */ = {isa = PBXBuildFile; fileRef = 2FD5A77F216476CB0036BC4A /* Main.storyboard */; };
		2FD5A783216476CB0036BC4A /* Assets.xcassets in Resources */ = {isa = PBXBuildFile; fileRef = 2FD5A782216476CB0036BC4A /* Assets.xcassets */; };
		2FD5A786216476CB0036BC4A /* LaunchScreen.storyboard in Resources */ = {isa = PBXBuildFile; fileRef = 2FD5A784216476CB0036BC4A /* LaunchScreen.storyboard */; };
		2FD5A791216476CC0036BC4A /* Week1_FlixTests.swift in Sources */ = {isa = PBXBuildFile; fileRef = 2FD5A790216476CC0036BC4A /* Week1_FlixTests.swift */; };
		2FD5A79C216476CC0036BC4A /* Week1_FlixUITests.swift in Sources */ = {isa = PBXBuildFile; fileRef = 2FD5A79B216476CC0036BC4A /* Week1_FlixUITests.swift */; };
		2FFA9C4F2165125300BB0590 /* NowPlayingViewController.swift in Sources */ = {isa = PBXBuildFile; fileRef = 2FFA9C4E2165125300BB0590 /* NowPlayingViewController.swift */; };
		2FFA9C5121656BD200BB0590 /* MovieCell.swift in Sources */ = {isa = PBXBuildFile; fileRef = 2FFA9C5021656BD200BB0590 /* MovieCell.swift */; };
		85CE54EDA3A3526185C1FB13 /* Pods_Week1_FlixUITests.framework in Frameworks */ = {isa = PBXBuildFile; fileRef = AD61555003863D39BEADDC80 /* Pods_Week1_FlixUITests.framework */; };
		A3E694C0DE4E29D1B8B38A94 /* Pods_Week1_FlixTests.framework in Frameworks */ = {isa = PBXBuildFile; fileRef = AE9CE6341CE2737C98CCD415 /* Pods_Week1_FlixTests.framework */; };
		F30AC81D72E70EFBB643BF3C /* Pods_Week1_Flix.framework in Frameworks */ = {isa = PBXBuildFile; fileRef = 1111CAEBB6386F14831BB6A5 /* Pods_Week1_Flix.framework */; };
/* End PBXBuildFile section */

/* Begin PBXContainerItemProxy section */
		2FD5A78D216476CC0036BC4A /* PBXContainerItemProxy */ = {
			isa = PBXContainerItemProxy;
			containerPortal = 2FD5A770216476CB0036BC4A /* Project object */;
			proxyType = 1;
			remoteGlobalIDString = 2FD5A777216476CB0036BC4A;
			remoteInfo = Week1_Flix;
		};
		2FD5A798216476CC0036BC4A /* PBXContainerItemProxy */ = {
			isa = PBXContainerItemProxy;
			containerPortal = 2FD5A770216476CB0036BC4A /* Project object */;
			proxyType = 1;
			remoteGlobalIDString = 2FD5A777216476CB0036BC4A;
			remoteInfo = Week1_Flix;
		};
/* End PBXContainerItemProxy section */

/* Begin PBXFileReference section */
		1111CAEBB6386F14831BB6A5 /* Pods_Week1_Flix.framework */ = {isa = PBXFileReference; explicitFileType = wrapper.framework; includeInIndex = 0; path = Pods_Week1_Flix.framework; sourceTree = BUILT_PRODUCTS_DIR; };
		2F03F275216C179500C1B692 /* DetailViewController.swift */ = {isa = PBXFileReference; lastKnownFileType = sourcecode.swift; path = DetailViewController.swift; sourceTree = "<group>"; };
		2F1CCB5F216E50F8004C4E2F /* PosterCell.swift */ = {isa = PBXFileReference; lastKnownFileType = sourcecode.swift; path = PosterCell.swift; sourceTree = "<group>"; };
		2F1CCB61216E5173004C4E2F /* SuperheroViewController.swift */ = {isa = PBXFileReference; lastKnownFileType = sourcecode.swift; path = SuperheroViewController.swift; sourceTree = "<group>"; };
		2FD5A778216476CB0036BC4A /* Week1_Flix.app */ = {isa = PBXFileReference; explicitFileType = wrapper.application; includeInIndex = 0; path = Week1_Flix.app; sourceTree = BUILT_PRODUCTS_DIR; };
		2FD5A77B216476CB0036BC4A /* AppDelegate.swift */ = {isa = PBXFileReference; lastKnownFileType = sourcecode.swift; path = AppDelegate.swift; sourceTree = "<group>"; };
		2FD5A780216476CB0036BC4A /* Base */ = {isa = PBXFileReference; lastKnownFileType = file.storyboard; name = Base; path = Base.lproj/Main.storyboard; sourceTree = "<group>"; };
		2FD5A782216476CB0036BC4A /* Assets.xcassets */ = {isa = PBXFileReference; lastKnownFileType = folder.assetcatalog; path = Assets.xcassets; sourceTree = "<group>"; };
		2FD5A785216476CB0036BC4A /* Base */ = {isa = PBXFileReference; lastKnownFileType = file.storyboard; name = Base; path = Base.lproj/LaunchScreen.storyboard; sourceTree = "<group>"; };
		2FD5A787216476CB0036BC4A /* Info.plist */ = {isa = PBXFileReference; lastKnownFileType = text.plist.xml; path = Info.plist; sourceTree = "<group>"; };
		2FD5A78C216476CB0036BC4A /* Week1_FlixTests.xctest */ = {isa = PBXFileReference; explicitFileType = wrapper.cfbundle; includeInIndex = 0; path = Week1_FlixTests.xctest; sourceTree = BUILT_PRODUCTS_DIR; };
		2FD5A790216476CC0036BC4A /* Week1_FlixTests.swift */ = {isa = PBXFileReference; lastKnownFileType = sourcecode.swift; path = Week1_FlixTests.swift; sourceTree = "<group>"; };
		2FD5A792216476CC0036BC4A /* Info.plist */ = {isa = PBXFileReference; lastKnownFileType = text.plist.xml; path = Info.plist; sourceTree = "<group>"; };
		2FD5A797216476CC0036BC4A /* Week1_FlixUITests.xctest */ = {isa = PBXFileReference; explicitFileType = wrapper.cfbundle; includeInIndex = 0; path = Week1_FlixUITests.xctest; sourceTree = BUILT_PRODUCTS_DIR; };
		2FD5A79B216476CC0036BC4A /* Week1_FlixUITests.swift */ = {isa = PBXFileReference; lastKnownFileType = sourcecode.swift; path = Week1_FlixUITests.swift; sourceTree = "<group>"; };
		2FD5A79D216476CC0036BC4A /* Info.plist */ = {isa = PBXFileReference; lastKnownFileType = text.plist.xml; path = Info.plist; sourceTree = "<group>"; };
		2FFA9C4E2165125300BB0590 /* NowPlayingViewController.swift */ = {isa = PBXFileReference; lastKnownFileType = sourcecode.swift; path = NowPlayingViewController.swift; sourceTree = "<group>"; };
		2FFA9C5021656BD200BB0590 /* MovieCell.swift */ = {isa = PBXFileReference; lastKnownFileType = sourcecode.swift; path = MovieCell.swift; sourceTree = "<group>"; };
		553635B17766638283EEC422 /* Pods-Week1_FlixUITests.release.xcconfig */ = {isa = PBXFileReference; includeInIndex = 1; lastKnownFileType = text.xcconfig; name = "Pods-Week1_FlixUITests.release.xcconfig"; path = "Pods/Target Support Files/Pods-Week1_FlixUITests/Pods-Week1_FlixUITests.release.xcconfig"; sourceTree = "<group>"; };
		6767449541D329E8DEC52CE0 /* Pods-Week1_FlixUITests.debug.xcconfig */ = {isa = PBXFileReference; includeInIndex = 1; lastKnownFileType = text.xcconfig; name = "Pods-Week1_FlixUITests.debug.xcconfig"; path = "Pods/Target Support Files/Pods-Week1_FlixUITests/Pods-Week1_FlixUITests.debug.xcconfig"; sourceTree = "<group>"; };
		97178689CF45509EF3BA4D61 /* Pods-Week1_Flix.debug.xcconfig */ = {isa = PBXFileReference; includeInIndex = 1; lastKnownFileType = text.xcconfig; name = "Pods-Week1_Flix.debug.xcconfig"; path = "Pods/Target Support Files/Pods-Week1_Flix/Pods-Week1_Flix.debug.xcconfig"; sourceTree = "<group>"; };
		AD61555003863D39BEADDC80 /* Pods_Week1_FlixUITests.framework */ = {isa = PBXFileReference; explicitFileType = wrapper.framework; includeInIndex = 0; path = Pods_Week1_FlixUITests.framework; sourceTree = BUILT_PRODUCTS_DIR; };
		ADFAE7C7711912FB1131E988 /* Pods-Week1_FlixTests.release.xcconfig */ = {isa = PBXFileReference; includeInIndex = 1; lastKnownFileType = text.xcconfig; name = "Pods-Week1_FlixTests.release.xcconfig"; path = "Pods/Target Support Files/Pods-Week1_FlixTests/Pods-Week1_FlixTests.release.xcconfig"; sourceTree = "<group>"; };
		AE9CE6341CE2737C98CCD415 /* Pods_Week1_FlixTests.framework */ = {isa = PBXFileReference; explicitFileType = wrapper.framework; includeInIndex = 0; path = Pods_Week1_FlixTests.framework; sourceTree = BUILT_PRODUCTS_DIR; };
		C034D8A5119E3FE680D746B9 /* Pods-Week1_FlixTests.debug.xcconfig */ = {isa = PBXFileReference; includeInIndex = 1; lastKnownFileType = text.xcconfig; name = "Pods-Week1_FlixTests.debug.xcconfig"; path = "Pods/Target Support Files/Pods-Week1_FlixTests/Pods-Week1_FlixTests.debug.xcconfig"; sourceTree = "<group>"; };
		EE1073000EF31337CA631B03 /* Pods-Week1_Flix.release.xcconfig */ = {isa = PBXFileReference; includeInIndex = 1; lastKnownFileType = text.xcconfig; name = "Pods-Week1_Flix.release.xcconfig"; path = "Pods/Target Support Files/Pods-Week1_Flix/Pods-Week1_Flix.release.xcconfig"; sourceTree = "<group>"; };
/* End PBXFileReference section */

/* Begin PBXFrameworksBuildPhase section */
		2FD5A775216476CB0036BC4A /* Frameworks */ = {
			isa = PBXFrameworksBuildPhase;
			buildActionMask = 2147483647;
			files = (
				F30AC81D72E70EFBB643BF3C /* Pods_Week1_Flix.framework in Frameworks */,
			);
			runOnlyForDeploymentPostprocessing = 0;
		};
		2FD5A789216476CB0036BC4A /* Frameworks */ = {
			isa = PBXFrameworksBuildPhase;
			buildActionMask = 2147483647;
			files = (
				A3E694C0DE4E29D1B8B38A94 /* Pods_Week1_FlixTests.framework in Frameworks */,
			);
			runOnlyForDeploymentPostprocessing = 0;
		};
		2FD5A794216476CC0036BC4A /* Frameworks */ = {
			isa = PBXFrameworksBuildPhase;
			buildActionMask = 2147483647;
			files = (
				85CE54EDA3A3526185C1FB13 /* Pods_Week1_FlixUITests.framework in Frameworks */,
			);
			runOnlyForDeploymentPostprocessing = 0;
		};
/* End PBXFrameworksBuildPhase section */

/* Begin PBXGroup section */
		2F03F273216C172100C1B692 /* View Controllers */ = {
			isa = PBXGroup;
			children = (
				2FFA9C4E2165125300BB0590 /* NowPlayingViewController.swift */,
				2F03F275216C179500C1B692 /* DetailViewController.swift */,
				2F1CCB61216E5173004C4E2F /* SuperheroViewController.swift */,
			);
			path = "View Controllers";
			sourceTree = "<group>";
		};
		2F03F274216C173C00C1B692 /* Views */ = {
			isa = PBXGroup;
			children = (
				2FFA9C5021656BD200BB0590 /* MovieCell.swift */,
				2F1CCB5F216E50F8004C4E2F /* PosterCell.swift */,
			);
			path = Views;
			sourceTree = "<group>";
		};
		2FD5A76F216476CB0036BC4A = {
			isa = PBXGroup;
			children = (
				2FD5A77A216476CB0036BC4A /* Week1_Flix */,
				2FD5A78F216476CC0036BC4A /* Week1_FlixTests */,
				2FD5A79A216476CC0036BC4A /* Week1_FlixUITests */,
				2FD5A779216476CB0036BC4A /* Products */,
				8007C0AB677EB14B92B0B867 /* Pods */,
				75CC4B9C44CEA17FE4C66E69 /* Frameworks */,
			);
			sourceTree = "<group>";
		};
		2FD5A779216476CB0036BC4A /* Products */ = {
			isa = PBXGroup;
			children = (
				2FD5A778216476CB0036BC4A /* Week1_Flix.app */,
				2FD5A78C216476CB0036BC4A /* Week1_FlixTests.xctest */,
				2FD5A797216476CC0036BC4A /* Week1_FlixUITests.xctest */,
			);
			name = Products;
			sourceTree = "<group>";
		};
		2FD5A77A216476CB0036BC4A /* Week1_Flix */ = {
			isa = PBXGroup;
			children = (
				2F03F274216C173C00C1B692 /* Views */,
				2F03F273216C172100C1B692 /* View Controllers */,
				2FD5A77B216476CB0036BC4A /* AppDelegate.swift */,
				2FD5A77F216476CB0036BC4A /* Main.storyboard */,
				2FD5A782216476CB0036BC4A /* Assets.xcassets */,
				2FD5A784216476CB0036BC4A /* LaunchScreen.storyboard */,
				2FD5A787216476CB0036BC4A /* Info.plist */,
			);
			path = Week1_Flix;
			sourceTree = "<group>";
		};
		2FD5A78F216476CC0036BC4A /* Week1_FlixTests */ = {
			isa = PBXGroup;
			children = (
				2FD5A790216476CC0036BC4A /* Week1_FlixTests.swift */,
				2FD5A792216476CC0036BC4A /* Info.plist */,
			);
			path = Week1_FlixTests;
			sourceTree = "<group>";
		};
		2FD5A79A216476CC0036BC4A /* Week1_FlixUITests */ = {
			isa = PBXGroup;
			children = (
				2FD5A79B216476CC0036BC4A /* Week1_FlixUITests.swift */,
				2FD5A79D216476CC0036BC4A /* Info.plist */,
			);
			path = Week1_FlixUITests;
			sourceTree = "<group>";
		};
		75CC4B9C44CEA17FE4C66E69 /* Frameworks */ = {
			isa = PBXGroup;
			children = (
				1111CAEBB6386F14831BB6A5 /* Pods_Week1_Flix.framework */,
				AE9CE6341CE2737C98CCD415 /* Pods_Week1_FlixTests.framework */,
				AD61555003863D39BEADDC80 /* Pods_Week1_FlixUITests.framework */,
			);
			name = Frameworks;
			sourceTree = "<group>";
		};
		8007C0AB677EB14B92B0B867 /* Pods */ = {
			isa = PBXGroup;
			children = (
				97178689CF45509EF3BA4D61 /* Pods-Week1_Flix.debug.xcconfig */,
				EE1073000EF31337CA631B03 /* Pods-Week1_Flix.release.xcconfig */,
				C034D8A5119E3FE680D746B9 /* Pods-Week1_FlixTests.debug.xcconfig */,
				ADFAE7C7711912FB1131E988 /* Pods-Week1_FlixTests.release.xcconfig */,
				6767449541D329E8DEC52CE0 /* Pods-Week1_FlixUITests.debug.xcconfig */,
				553635B17766638283EEC422 /* Pods-Week1_FlixUITests.release.xcconfig */,
			);
			name = Pods;
			sourceTree = "<group>";
		};
/* End PBXGroup section */

/* Begin PBXNativeTarget section */
		2FD5A777216476CB0036BC4A /* Week1_Flix */ = {
			isa = PBXNativeTarget;
			buildConfigurationList = 2FD5A7A0216476CC0036BC4A /* Build configuration list for PBXNativeTarget "Week1_Flix" */;
			buildPhases = (
				E3B70078E1C515E75D38415E /* [CP] Check Pods Manifest.lock */,
				2FD5A774216476CB0036BC4A /* Sources */,
				2FD5A775216476CB0036BC4A /* Frameworks */,
				2FD5A776216476CB0036BC4A /* Resources */,
				5979B598CC2AC7E15B624983 /* [CP] Embed Pods Frameworks */,
			);
			buildRules = (
			);
			dependencies = (
			);
			name = Week1_Flix;
			productName = Week1_Flix;
			productReference = 2FD5A778216476CB0036BC4A /* Week1_Flix.app */;
			productType = "com.apple.product-type.application";
		};
		2FD5A78B216476CB0036BC4A /* Week1_FlixTests */ = {
			isa = PBXNativeTarget;
			buildConfigurationList = 2FD5A7A3216476CC0036BC4A /* Build configuration list for PBXNativeTarget "Week1_FlixTests" */;
			buildPhases = (
				0D9E156DA2EAD71CCB13099F /* [CP] Check Pods Manifest.lock */,
				2FD5A788216476CB0036BC4A /* Sources */,
				2FD5A789216476CB0036BC4A /* Frameworks */,
				2FD5A78A216476CB0036BC4A /* Resources */,
			);
			buildRules = (
			);
			dependencies = (
				2FD5A78E216476CC0036BC4A /* PBXTargetDependency */,
			);
			name = Week1_FlixTests;
			productName = Week1_FlixTests;
			productReference = 2FD5A78C216476CB0036BC4A /* Week1_FlixTests.xctest */;
			productType = "com.apple.product-type.bundle.unit-test";
		};
		2FD5A796216476CC0036BC4A /* Week1_FlixUITests */ = {
			isa = PBXNativeTarget;
			buildConfigurationList = 2FD5A7A6216476CC0036BC4A /* Build configuration list for PBXNativeTarget "Week1_FlixUITests" */;
			buildPhases = (
				8531E3EF91CA32A67B13784E /* [CP] Check Pods Manifest.lock */,
				2FD5A793216476CC0036BC4A /* Sources */,
				2FD5A794216476CC0036BC4A /* Frameworks */,
				2FD5A795216476CC0036BC4A /* Resources */,
			);
			buildRules = (
			);
			dependencies = (
				2FD5A799216476CC0036BC4A /* PBXTargetDependency */,
			);
			name = Week1_FlixUITests;
			productName = Week1_FlixUITests;
			productReference = 2FD5A797216476CC0036BC4A /* Week1_FlixUITests.xctest */;
			productType = "com.apple.product-type.bundle.ui-testing";
		};
/* End PBXNativeTarget section */

/* Begin PBXProject section */
		2FD5A770216476CB0036BC4A /* Project object */ = {
			isa = PBXProject;
			attributes = {
				LastSwiftUpdateCheck = 0920;
				LastUpgradeCheck = 0920;
				ORGANIZATIONNAME = "Sing Fung Cheung";
				TargetAttributes = {
					2FD5A777216476CB0036BC4A = {
						CreatedOnToolsVersion = 9.2;
						ProvisioningStyle = Automatic;
					};
					2FD5A78B216476CB0036BC4A = {
						CreatedOnToolsVersion = 9.2;
						ProvisioningStyle = Automatic;
						TestTargetID = 2FD5A777216476CB0036BC4A;
					};
					2FD5A796216476CC0036BC4A = {
						CreatedOnToolsVersion = 9.2;
						ProvisioningStyle = Automatic;
						TestTargetID = 2FD5A777216476CB0036BC4A;
					};
				};
			};
			buildConfigurationList = 2FD5A773216476CB0036BC4A /* Build configuration list for PBXProject "Week1_Flix" */;
			compatibilityVersion = "Xcode 8.0";
			developmentRegion = en;
			hasScannedForEncodings = 0;
			knownRegions = (
				en,
				Base,
			);
			mainGroup = 2FD5A76F216476CB0036BC4A;
			productRefGroup = 2FD5A779216476CB0036BC4A /* Products */;
			projectDirPath = "";
			projectRoot = "";
			targets = (
				2FD5A777216476CB0036BC4A /* Week1_Flix */,
				2FD5A78B216476CB0036BC4A /* Week1_FlixTests */,
				2FD5A796216476CC0036BC4A /* Week1_FlixUITests */,
			);
		};
/* End PBXProject section */

/* Begin PBXResourcesBuildPhase section */
		2FD5A776216476CB0036BC4A /* Resources */ = {
			isa = PBXResourcesBuildPhase;
			buildActionMask = 2147483647;
			files = (
				2FD5A786216476CB0036BC4A /* LaunchScreen.storyboard in Resources */,
				2FD5A783216476CB0036BC4A /* Assets.xcassets in Resources */,
				2FD5A781216476CB0036BC4A /* Main.storyboard in Resources */,
			);
			runOnlyForDeploymentPostprocessing = 0;
		};
		2FD5A78A216476CB0036BC4A /* Resources */ = {
			isa = PBXResourcesBuildPhase;
			buildActionMask = 2147483647;
			files = (
			);
			runOnlyForDeploymentPostprocessing = 0;
		};
		2FD5A795216476CC0036BC4A /* Resources */ = {
			isa = PBXResourcesBuildPhase;
			buildActionMask = 2147483647;
			files = (
			);
			runOnlyForDeploymentPostprocessing = 0;
		};
/* End PBXResourcesBuildPhase section */

/* Begin PBXShellScriptBuildPhase section */
		0D9E156DA2EAD71CCB13099F /* [CP] Check Pods Manifest.lock */ = {
			isa = PBXShellScriptBuildPhase;
			buildActionMask = 2147483647;
			files = (
			);
			inputPaths = (
				"${PODS_PODFILE_DIR_PATH}/Podfile.lock",
				"${PODS_ROOT}/Manifest.lock",
			);
			name = "[CP] Check Pods Manifest.lock";
			outputPaths = (
				"$(DERIVED_FILE_DIR)/Pods-Week1_FlixTests-checkManifestLockResult.txt",
			);
			runOnlyForDeploymentPostprocessing = 0;
			shellPath = /bin/sh;
			shellScript = "diff \"${PODS_PODFILE_DIR_PATH}/Podfile.lock\" \"${PODS_ROOT}/Manifest.lock\" > /dev/null\nif [ $? != 0 ] ; then\n    # print error to STDERR\n    echo \"error: The sandbox is not in sync with the Podfile.lock. Run 'pod install' or update your CocoaPods installation.\" >&2\n    exit 1\nfi\n# This output is used by Xcode 'outputs' to avoid re-running this script phase.\necho \"SUCCESS\" > \"${SCRIPT_OUTPUT_FILE_0}\"\n";
			showEnvVarsInLog = 0;
		};
		5979B598CC2AC7E15B624983 /* [CP] Embed Pods Frameworks */ = {
			isa = PBXShellScriptBuildPhase;
			buildActionMask = 2147483647;
			files = (
			);
			inputPaths = (
				"${SRCROOT}/Pods/Target Support Files/Pods-Week1_Flix/Pods-Week1_Flix-frameworks.sh",
				"${BUILT_PRODUCTS_DIR}/Alamofire/Alamofire.framework",
				"${BUILT_PRODUCTS_DIR}/AlamofireImage/AlamofireImage.framework",
			);
			name = "[CP] Embed Pods Frameworks";
			outputPaths = (
				"${TARGET_BUILD_DIR}/${FRAMEWORKS_FOLDER_PATH}/Alamofire.framework",
				"${TARGET_BUILD_DIR}/${FRAMEWORKS_FOLDER_PATH}/AlamofireImage.framework",
			);
			runOnlyForDeploymentPostprocessing = 0;
			shellPath = /bin/sh;
			shellScript = "\"${SRCROOT}/Pods/Target Support Files/Pods-Week1_Flix/Pods-Week1_Flix-frameworks.sh\"\n";
			showEnvVarsInLog = 0;
		};
		8531E3EF91CA32A67B13784E /* [CP] Check Pods Manifest.lock */ = {
			isa = PBXShellScriptBuildPhase;
			buildActionMask = 2147483647;
			files = (
			);
			inputPaths = (
				"${PODS_PODFILE_DIR_PATH}/Podfile.lock",
				"${PODS_ROOT}/Manifest.lock",
			);
			name = "[CP] Check Pods Manifest.lock";
			outputPaths = (
				"$(DERIVED_FILE_DIR)/Pods-Week1_FlixUITests-checkManifestLockResult.txt",
			);
			runOnlyForDeploymentPostprocessing = 0;
			shellPath = /bin/sh;
			shellScript = "diff \"${PODS_PODFILE_DIR_PATH}/Podfile.lock\" \"${PODS_ROOT}/Manifest.lock\" > /dev/null\nif [ $? != 0 ] ; then\n    # print error to STDERR\n    echo \"error: The sandbox is not in sync with the Podfile.lock. Run 'pod install' or update your CocoaPods installation.\" >&2\n    exit 1\nfi\n# This output is used by Xcode 'outputs' to avoid re-running this script phase.\necho \"SUCCESS\" > \"${SCRIPT_OUTPUT_FILE_0}\"\n";
			showEnvVarsInLog = 0;
		};
		E3B70078E1C515E75D38415E /* [CP] Check Pods Manifest.lock */ = {
			isa = PBXShellScriptBuildPhase;
			buildActionMask = 2147483647;
			files = (
			);
			inputPaths = (
				"${PODS_PODFILE_DIR_PATH}/Podfile.lock",
				"${PODS_ROOT}/Manifest.lock",
			);
			name = "[CP] Check Pods Manifest.lock";
			outputPaths = (
				"$(DERIVED_FILE_DIR)/Pods-Week1_Flix-checkManifestLockResult.txt",
			);
			runOnlyForDeploymentPostprocessing = 0;
			shellPath = /bin/sh;
			shellScript = "diff \"${PODS_PODFILE_DIR_PATH}/Podfile.lock\" \"${PODS_ROOT}/Manifest.lock\" > /dev/null\nif [ $? != 0 ] ; then\n    # print error to STDERR\n    echo \"error: The sandbox is not in sync with the Podfile.lock. Run 'pod install' or update your CocoaPods installation.\" >&2\n    exit 1\nfi\n# This output is used by Xcode 'outputs' to avoid re-running this script phase.\necho \"SUCCESS\" > \"${SCRIPT_OUTPUT_FILE_0}\"\n";
			showEnvVarsInLog = 0;
		};
/* End PBXShellScriptBuildPhase section */

/* Begin PBXSourcesBuildPhase section */
		2FD5A774216476CB0036BC4A /* Sources */ = {
			isa = PBXSourcesBuildPhase;
			buildActionMask = 2147483647;
			files = (
				2FFA9C4F2165125300BB0590 /* NowPlayingViewController.swift in Sources */,
				2F1CCB60216E50F8004C4E2F /* PosterCell.swift in Sources */,
				2F1CCB62216E5173004C4E2F /* SuperheroViewController.swift in Sources */,
				2FD5A77C216476CB0036BC4A /* AppDelegate.swift in Sources */,
				2FFA9C5121656BD200BB0590 /* MovieCell.swift in Sources */,
				2F03F276216C179500C1B692 /* DetailViewController.swift in Sources */,
			);
			runOnlyForDeploymentPostprocessing = 0;
		};
		2FD5A788216476CB0036BC4A /* Sources */ = {
			isa = PBXSourcesBuildPhase;
			buildActionMask = 2147483647;
			files = (
				2FD5A791216476CC0036BC4A /* Week1_FlixTests.swift in Sources */,
			);
			runOnlyForDeploymentPostprocessing = 0;
		};
		2FD5A793216476CC0036BC4A /* Sources */ = {
			isa = PBXSourcesBuildPhase;
			buildActionMask = 2147483647;
			files = (
				2FD5A79C216476CC0036BC4A /* Week1_FlixUITests.swift in Sources */,
			);
			runOnlyForDeploymentPostprocessing = 0;
		};
/* End PBXSourcesBuildPhase section */

/* Begin PBXTargetDependency section */
		2FD5A78E216476CC0036BC4A /* PBXTargetDependency */ = {
			isa = PBXTargetDependency;
			target = 2FD5A777216476CB0036BC4A /* Week1_Flix */;
			targetProxy = 2FD5A78D216476CC0036BC4A /* PBXContainerItemProxy */;
		};
		2FD5A799216476CC0036BC4A /* PBXTargetDependency */ = {
			isa = PBXTargetDependency;
			target = 2FD5A777216476CB0036BC4A /* Week1_Flix */;
			targetProxy = 2FD5A798216476CC0036BC4A /* PBXContainerItemProxy */;
		};
/* End PBXTargetDependency section */

/* Begin PBXVariantGroup section */
		2FD5A77F216476CB0036BC4A /* Main.storyboard */ = {
			isa = PBXVariantGroup;
			children = (
				2FD5A780216476CB0036BC4A /* Base */,
			);
			name = Main.storyboard;
			sourceTree = "<group>";
		};
		2FD5A784216476CB0036BC4A /* LaunchScreen.storyboard */ = {
			isa = PBXVariantGroup;
			children = (
				2FD5A785216476CB0036BC4A /* Base */,
			);
			name = LaunchScreen.storyboard;
			sourceTree = "<group>";
		};
/* End PBXVariantGroup section */

/* Begin XCBuildConfiguration section */
		2FD5A79E216476CC0036BC4A /* Debug */ = {
			isa = XCBuildConfiguration;
			buildSettings = {
				ALWAYS_SEARCH_USER_PATHS = NO;
				CLANG_ANALYZER_NONNULL = YES;
				CLANG_ANALYZER_NUMBER_OBJECT_CONVERSION = YES_AGGRESSIVE;
				CLANG_CXX_LANGUAGE_STANDARD = "gnu++14";
				CLANG_CXX_LIBRARY = "libc++";
				CLANG_ENABLE_MODULES = YES;
				CLANG_ENABLE_OBJC_ARC = YES;
				CLANG_WARN_BLOCK_CAPTURE_AUTORELEASING = YES;
				CLANG_WARN_BOOL_CONVERSION = YES;
				CLANG_WARN_COMMA = YES;
				CLANG_WARN_CONSTANT_CONVERSION = YES;
				CLANG_WARN_DIRECT_OBJC_ISA_USAGE = YES_ERROR;
				CLANG_WARN_DOCUMENTATION_COMMENTS = YES;
				CLANG_WARN_EMPTY_BODY = YES;
				CLANG_WARN_ENUM_CONVERSION = YES;
				CLANG_WARN_INFINITE_RECURSION = YES;
				CLANG_WARN_INT_CONVERSION = YES;
				CLANG_WARN_NON_LITERAL_NULL_CONVERSION = YES;
				CLANG_WARN_OBJC_LITERAL_CONVERSION = YES;
				CLANG_WARN_OBJC_ROOT_CLASS = YES_ERROR;
				CLANG_WARN_RANGE_LOOP_ANALYSIS = YES;
				CLANG_WARN_STRICT_PROTOTYPES = YES;
				CLANG_WARN_SUSPICIOUS_MOVE = YES;
				CLANG_WARN_UNGUARDED_AVAILABILITY = YES_AGGRESSIVE;
				CLANG_WARN_UNREACHABLE_CODE = YES;
				CLANG_WARN__DUPLICATE_METHOD_MATCH = YES;
				CODE_SIGN_IDENTITY = "iPhone Developer";
				COPY_PHASE_STRIP = NO;
				DEBUG_INFORMATION_FORMAT = dwarf;
				ENABLE_STRICT_OBJC_MSGSEND = YES;
				ENABLE_TESTABILITY = YES;
				GCC_C_LANGUAGE_STANDARD = gnu11;
				GCC_DYNAMIC_NO_PIC = NO;
				GCC_NO_COMMON_BLOCKS = YES;
				GCC_OPTIMIZATION_LEVEL = 0;
				GCC_PREPROCESSOR_DEFINITIONS = (
					"DEBUG=1",
					"$(inherited)",
				);
				GCC_WARN_64_TO_32_BIT_CONVERSION = YES;
				GCC_WARN_ABOUT_RETURN_TYPE = YES_ERROR;
				GCC_WARN_UNDECLARED_SELECTOR = YES;
				GCC_WARN_UNINITIALIZED_AUTOS = YES_AGGRESSIVE;
				GCC_WARN_UNUSED_FUNCTION = YES;
				GCC_WARN_UNUSED_VARIABLE = YES;
				IPHONEOS_DEPLOYMENT_TARGET = 11.2;
				MTL_ENABLE_DEBUG_INFO = YES;
				ONLY_ACTIVE_ARCH = YES;
				SDKROOT = iphoneos;
				SWIFT_ACTIVE_COMPILATION_CONDITIONS = DEBUG;
				SWIFT_OPTIMIZATION_LEVEL = "-Onone";
			};
			name = Debug;
		};
		2FD5A79F216476CC0036BC4A /* Release */ = {
			isa = XCBuildConfiguration;
			buildSettings = {
				ALWAYS_SEARCH_USER_PATHS = NO;
				CLANG_ANALYZER_NONNULL = YES;
				CLANG_ANALYZER_NUMBER_OBJECT_CONVERSION = YES_AGGRESSIVE;
				CLANG_CXX_LANGUAGE_STANDARD = "gnu++14";
				CLANG_CXX_LIBRARY = "libc++";
				CLANG_ENABLE_MODULES = YES;
				CLANG_ENABLE_OBJC_ARC = YES;
				CLANG_WARN_BLOCK_CAPTURE_AUTORELEASING = YES;
				CLANG_WARN_BOOL_CONVERSION = YES;
				CLANG_WARN_COMMA = YES;
				CLANG_WARN_CONSTANT_CONVERSION = YES;
				CLANG_WARN_DIRECT_OBJC_ISA_USAGE = YES_ERROR;
				CLANG_WARN_DOCUMENTATION_COMMENTS = YES;
				CLANG_WARN_EMPTY_BODY = YES;
				CLANG_WARN_ENUM_CONVERSION = YES;
				CLANG_WARN_INFINITE_RECURSION = YES;
				CLANG_WARN_INT_CONVERSION = YES;
				CLANG_WARN_NON_LITERAL_NULL_CONVERSION = YES;
				CLANG_WARN_OBJC_LITERAL_CONVERSION = YES;
				CLANG_WARN_OBJC_ROOT_CLASS = YES_ERROR;
				CLANG_WARN_RANGE_LOOP_ANALYSIS = YES;
				CLANG_WARN_STRICT_PROTOTYPES = YES;
				CLANG_WARN_SUSPICIOUS_MOVE = YES;
				CLANG_WARN_UNGUARDED_AVAILABILITY = YES_AGGRESSIVE;
				CLANG_WARN_UNREACHABLE_CODE = YES;
				CLANG_WARN__DUPLICATE_METHOD_MATCH = YES;
				CODE_SIGN_IDENTITY = "iPhone Developer";
				COPY_PHASE_STRIP = NO;
				DEBUG_INFORMATION_FORMAT = "dwarf-with-dsym";
				ENABLE_NS_ASSERTIONS = NO;
				ENABLE_STRICT_OBJC_MSGSEND = YES;
				GCC_C_LANGUAGE_STANDARD = gnu11;
				GCC_NO_COMMON_BLOCKS = YES;
				GCC_WARN_64_TO_32_BIT_CONVERSION = YES;
				GCC_WARN_ABOUT_RETURN_TYPE = YES_ERROR;
				GCC_WARN_UNDECLARED_SELECTOR = YES;
				GCC_WARN_UNINITIALIZED_AUTOS = YES_AGGRESSIVE;
				GCC_WARN_UNUSED_FUNCTION = YES;
				GCC_WARN_UNUSED_VARIABLE = YES;
				IPHONEOS_DEPLOYMENT_TARGET = 11.2;
				MTL_ENABLE_DEBUG_INFO = NO;
				SDKROOT = iphoneos;
				SWIFT_OPTIMIZATION_LEVEL = "-Owholemodule";
				VALIDATE_PRODUCT = YES;
			};
			name = Release;
		};
		2FD5A7A1216476CC0036BC4A /* Debug */ = {
			isa = XCBuildConfiguration;
			baseConfigurationReference = 97178689CF45509EF3BA4D61 /* Pods-Week1_Flix.debug.xcconfig */;
			buildSettings = {
				ASSETCATALOG_COMPILER_APPICON_NAME = AppIcon;
				CODE_SIGN_STYLE = Automatic;
				INFOPLIST_FILE = Week1_Flix/Info.plist;
				LD_RUNPATH_SEARCH_PATHS = "$(inherited) @executable_path/Frameworks";
				PRODUCT_BUNDLE_IDENTIFIER = "Singfung.Week1-Flix";
				PRODUCT_NAME = "$(TARGET_NAME)";
				SWIFT_VERSION = 4.0;
				TARGETED_DEVICE_FAMILY = "1,2";
			};
			name = Debug;
		};
		2FD5A7A2216476CC0036BC4A /* Release */ = {
			isa = XCBuildConfiguration;
			baseConfigurationReference = EE1073000EF31337CA631B03 /* Pods-Week1_Flix.release.xcconfig */;
			buildSettings = {
				ASSETCATALOG_COMPILER_APPICON_NAME = AppIcon;
				CODE_SIGN_STYLE = Automatic;
				INFOPLIST_FILE = Week1_Flix/Info.plist;
				LD_RUNPATH_SEARCH_PATHS = "$(inherited) @executable_path/Frameworks";
				PRODUCT_BUNDLE_IDENTIFIER = "Singfung.Week1-Flix";
				PRODUCT_NAME = "$(TARGET_NAME)";
				SWIFT_VERSION = 4.0;
				TARGETED_DEVICE_FAMILY = "1,2";
			};
			name = Release;
		};
		2FD5A7A4216476CC0036BC4A /* Debug */ = {
			isa = XCBuildConfiguration;
			baseConfigurationReference = C034D8A5119E3FE680D746B9 /* Pods-Week1_FlixTests.debug.xcconfig */;
			buildSettings = {
				ALWAYS_EMBED_SWIFT_STANDARD_LIBRARIES = YES;
				BUNDLE_LOADER = "$(TEST_HOST)";
				CODE_SIGN_STYLE = Automatic;
				INFOPLIST_FILE = Week1_FlixTests/Info.plist;
				LD_RUNPATH_SEARCH_PATHS = "$(inherited) @executable_path/Frameworks @loader_path/Frameworks";
				PRODUCT_BUNDLE_IDENTIFIER = "Singfung.Week1-FlixTests";
				PRODUCT_NAME = "$(TARGET_NAME)";
				SWIFT_VERSION = 4.0;
				TARGETED_DEVICE_FAMILY = "1,2";
				TEST_HOST = "$(BUILT_PRODUCTS_DIR)/Week1_Flix.app/Week1_Flix";
			};
			name = Debug;
		};
		2FD5A7A5216476CC0036BC4A /* Release */ = {
			isa = XCBuildConfiguration;
			baseConfigurationReference = ADFAE7C7711912FB1131E988 /* Pods-Week1_FlixTests.release.xcconfig */;
			buildSettings = {
				ALWAYS_EMBED_SWIFT_STANDARD_LIBRARIES = YES;
				BUNDLE_LOADER = "$(TEST_HOST)";
				CODE_SIGN_STYLE = Automatic;
				INFOPLIST_FILE = Week1_FlixTests/Info.plist;
				LD_RUNPATH_SEARCH_PATHS = "$(inherited) @executable_path/Frameworks @loader_path/Frameworks";
				PRODUCT_BUNDLE_IDENTIFIER = "Singfung.Week1-FlixTests";
				PRODUCT_NAME = "$(TARGET_NAME)";
				SWIFT_VERSION = 4.0;
				TARGETED_DEVICE_FAMILY = "1,2";
				TEST_HOST = "$(BUILT_PRODUCTS_DIR)/Week1_Flix.app/Week1_Flix";
			};
			name = Release;
		};
		2FD5A7A7216476CC0036BC4A /* Debug */ = {
			isa = XCBuildConfiguration;
			baseConfigurationReference = 6767449541D329E8DEC52CE0 /* Pods-Week1_FlixUITests.debug.xcconfig */;
			buildSettings = {
				ALWAYS_EMBED_SWIFT_STANDARD_LIBRARIES = YES;
				CODE_SIGN_STYLE = Automatic;
				INFOPLIST_FILE = Week1_FlixUITests/Info.plist;
				LD_RUNPATH_SEARCH_PATHS = "$(inherited) @executable_path/Frameworks @loader_path/Frameworks";
				PRODUCT_BUNDLE_IDENTIFIER = "Singfung.Week1-FlixUITests";
				PRODUCT_NAME = "$(TARGET_NAME)";
				SWIFT_VERSION = 4.0;
				TARGETED_DEVICE_FAMILY = "1,2";
				TEST_TARGET_NAME = Week1_Flix;
			};
			name = Debug;
		};
		2FD5A7A8216476CC0036BC4A /* Release */ = {
			isa = XCBuildConfiguration;
			baseConfigurationReference = 553635B17766638283EEC422 /* Pods-Week1_FlixUITests.release.xcconfig */;
			buildSettings = {
				ALWAYS_EMBED_SWIFT_STANDARD_LIBRARIES = YES;
				CODE_SIGN_STYLE = Automatic;
				INFOPLIST_FILE = Week1_FlixUITests/Info.plist;
				LD_RUNPATH_SEARCH_PATHS = "$(inherited) @executable_path/Frameworks @loader_path/Frameworks";
				PRODUCT_BUNDLE_IDENTIFIER = "Singfung.Week1-FlixUITests";
				PRODUCT_NAME = "$(TARGET_NAME)";
				SWIFT_VERSION = 4.0;
				TARGETED_DEVICE_FAMILY = "1,2";
				TEST_TARGET_NAME = Week1_Flix;
			};
			name = Release;
		};
/* End XCBuildConfiguration section */

/* Begin XCConfigurationList section */
		2FD5A773216476CB0036BC4A /* Build configuration list for PBXProject "Week1_Flix" */ = {
			isa = XCConfigurationList;
			buildConfigurations = (
				2FD5A79E216476CC0036BC4A /* Debug */,
				2FD5A79F216476CC0036BC4A /* Release */,
			);
			defaultConfigurationIsVisible = 0;
			defaultConfigurationName = Release;
		};
		2FD5A7A0216476CC0036BC4A /* Build configuration list for PBXNativeTarget "Week1_Flix" */ = {
			isa = XCConfigurationList;
			buildConfigurations = (
				2FD5A7A1216476CC0036BC4A /* Debug */,
				2FD5A7A2216476CC0036BC4A /* Release */,
			);
			defaultConfigurationIsVisible = 0;
			defaultConfigurationName = Release;
		};
		2FD5A7A3216476CC0036BC4A /* Build configuration list for PBXNativeTarget "Week1_FlixTests" */ = {
			isa = XCConfigurationList;
			buildConfigurations = (
				2FD5A7A4216476CC0036BC4A /* Debug */,
				2FD5A7A5216476CC0036BC4A /* Release */,
			);
			defaultConfigurationIsVisible = 0;
			defaultConfigurationName = Release;
		};
		2FD5A7A6216476CC0036BC4A /* Build configuration list for PBXNativeTarget "Week1_FlixUITests" */ = {
			isa = XCConfigurationList;
			buildConfigurations = (
				2FD5A7A7216476CC0036BC4A /* Debug */,
				2FD5A7A8216476CC0036BC4A /* Release */,
			);
			defaultConfigurationIsVisible = 0;
			defaultConfigurationName = Release;
		};
/* End XCConfigurationList section */
	};
	rootObject = 2FD5A770216476CB0036BC4A /* Project object */;
}
